
Microsoft Visual Studio Solution File, Format Version 12.00
# Visual Studio Version 17
VisualStudioVersion = 17.11.35327.3
MinimumVisualStudioVersion = 10.0.40219.1
Project("{2150E333-8FDC-42A3-9474-1A3956D46DE8}") = "01. Microservices", "01. Microservices", "{79C11D70-BC07-4CD1-920E-711B415B5C6B}"
EndProject
Project("{2150E333-8FDC-42A3-9474-1A3956D46DE8}") = "02. Shared", "02. Shared", "{7E643926-50E2-488D-8530-98845291CFEB}"
EndProject
Project("{2150E333-8FDC-42A3-9474-1A3956D46DE8}") = "01. Auth", "01. Auth", "{A4B0E719-BA85-469E-9BD6-772E6B46849A}"
EndProject
Project("{2150E333-8FDC-42A3-9474-1A3956D46DE8}") = "02. Notifications", "02. Notifications", "{AE527B18-10C9-4AA2-9BC0-C4CC2FFADF6C}"
EndProject
Project("{2150E333-8FDC-42A3-9474-1A3956D46DE8}") = "03. Queues", "03. Queues", "{7FCE59E6-175C-4AFE-ADFD-F836CB58C60C}"
EndProject
Project("{2150E333-8FDC-42A3-9474-1A3956D46DE8}") = "04. LogErrors", "04. LogErrors", "{4801F736-DE62-4BFD-9D37-937B56661999}"
EndProject
Project("{2150E333-8FDC-42A3-9474-1A3956D46DE8}") = "05. CoreBusiness", "05. CoreBusiness", "{81C2B9F4-7954-4287-A523-7CFF8CB5AFD8}"
EndProject
Project("{2150E333-8FDC-42A3-9474-1A3956D46DE8}") = "03. Test", "03. Test", "{B00C1E8B-93B8-4099-ADB2-F436871D3110}"
EndProject
Project("{9A19103F-16F7-4668-BE54-9A1E7A4F7556}") = "Web.Core.Business.API", "05. CoreBusiness\Web.API\Web.Core.Business.API.csproj", "{B2B925F0-83F5-4627-8B7D-0E83AE610B21}"
EndProject
Project("{9A19103F-16F7-4668-BE54-9A1E7A4F7556}") = "Lib.MessageQueues.Functions", "03. Queues\Lib.MessageQueues.Functions\Lib.MessageQueues.Functions.csproj", "{EF725F93-5417-4653-9603-43D1BFF42848}"
EndProject
Project("{2150E333-8FDC-42A3-9474-1A3956D46DE8}") = "06. StatesMachine", "06. StatesMachine", "{6E670997-9DDD-4453-9AFA-F63E21B2F164}"
EndProject
Project("{FAE04EC0-301F-11D3-BF4B-00C04F79EFBC}") = "Shared", "Shared\Shared\Shared.csproj", "{C3D8FE76-B60D-460C-B9AA-A2B8AACE3045}"
EndProject
Project("{2150E333-8FDC-42A3-9474-1A3956D46DE8}") = "07", "07", "{3C961B9A-1123-4D37-BAFB-C106D587AFC5}"
EndProject
Project("{FAE04EC0-301F-11D3-BF4B-00C04F79EFBC}") = "Notifications.Lib", "02. Notifications\Notifications.Lib\Notifications.Lib.csproj", "{CF343959-FDD2-4DFE-9E8F-D2927283CCF1}"
EndProject
Project("{FAE04EC0-301F-11D3-BF4B-00C04F79EFBC}") = "QueueProcess.Worker", "QueueProcess.Worker\QueueProcess.Worker.csproj", "{77711A2B-B6DE-4C5D-95A5-5C8C148DDFED}"
EndProject
Global
	GlobalSection(SolutionConfigurationPlatforms) = preSolution
		Debug|Any CPU = Debug|Any CPU
		Release|Any CPU = Release|Any CPU
	EndGlobalSection
	GlobalSection(ProjectConfigurationPlatforms) = postSolution
		{B2B925F0-83F5-4627-8B7D-0E83AE610B21}.Debug|Any CPU.ActiveCfg = Debug|Any CPU
		{B2B925F0-83F5-4627-8B7D-0E83AE610B21}.Debug|Any CPU.Build.0 = Debug|Any CPU
		{B2B925F0-83F5-4627-8B7D-0E83AE610B21}.Release|Any CPU.ActiveCfg = Release|Any CPU
		{B2B925F0-83F5-4627-8B7D-0E83AE610B21}.Release|Any CPU.Build.0 = Release|Any CPU
		{EF725F93-5417-4653-9603-43D1BFF42848}.Debug|Any CPU.ActiveCfg = Debug|Any CPU
		{EF725F93-5417-4653-9603-43D1BFF42848}.Debug|Any CPU.Build.0 = Debug|Any CPU
		{EF725F93-5417-4653-9603-43D1BFF42848}.Release|Any CPU.ActiveCfg = Release|Any CPU
		{EF725F93-5417-4653-9603-43D1BFF42848}.Release|Any CPU.Build.0 = Release|Any CPU
		{C3D8FE76-B60D-460C-B9AA-A2B8AACE3045}.Debug|Any CPU.ActiveCfg = Debug|Any CPU
		{C3D8FE76-B60D-460C-B9AA-A2B8AACE3045}.Debug|Any CPU.Build.0 = Debug|Any CPU
		{C3D8FE76-B60D-460C-B9AA-A2B8AACE3045}.Release|Any CPU.ActiveCfg = Release|Any CPU
		{C3D8FE76-B60D-460C-B9AA-A2B8AACE3045}.Release|Any CPU.Build.0 = Release|Any CPU
		{CF343959-FDD2-4DFE-9E8F-D2927283CCF1}.Debug|Any CPU.ActiveCfg = Debug|Any CPU
		{CF343959-FDD2-4DFE-9E8F-D2927283CCF1}.Debug|Any CPU.Build.0 = Debug|Any CPU
		{CF343959-FDD2-4DFE-9E8F-D2927283CCF1}.Release|Any CPU.ActiveCfg = Release|Any CPU
		{CF343959-FDD2-4DFE-9E8F-D2927283CCF1}.Release|Any CPU.Build.0 = Release|Any CPU
		{77711A2B-B6DE-4C5D-95A5-5C8C148DDFED}.Debug|Any CPU.ActiveCfg = Debug|Any CPU
		{77711A2B-B6DE-4C5D-95A5-5C8C148DDFED}.Debug|Any CPU.Build.0 = Debug|Any CPU
		{77711A2B-B6DE-4C5D-95A5-5C8C148DDFED}.Release|Any CPU.ActiveCfg = Release|Any CPU
		{77711A2B-B6DE-4C5D-95A5-5C8C148DDFED}.Release|Any CPU.Build.0 = Release|Any CPU
	EndGlobalSection
	GlobalSection(SolutionProperties) = preSolution
		HideSolutionNode = FALSE
	EndGlobalSection
	GlobalSection(NestedProjects) = preSolution
		{A4B0E719-BA85-469E-9BD6-772E6B46849A} = {79C11D70-BC07-4CD1-920E-711B415B5C6B}
		{AE527B18-10C9-4AA2-9BC0-C4CC2FFADF6C} = {79C11D70-BC07-4CD1-920E-711B415B5C6B}
		{7FCE59E6-175C-4AFE-ADFD-F836CB58C60C} = {79C11D70-BC07-4CD1-920E-711B415B5C6B}
		{4801F736-DE62-4BFD-9D37-937B56661999} = {79C11D70-BC07-4CD1-920E-711B415B5C6B}
		{81C2B9F4-7954-4287-A523-7CFF8CB5AFD8} = {79C11D70-BC07-4CD1-920E-711B415B5C6B}
		{B2B925F0-83F5-4627-8B7D-0E83AE610B21} = {81C2B9F4-7954-4287-A523-7CFF8CB5AFD8}
		{EF725F93-5417-4653-9603-43D1BFF42848} = {7FCE59E6-175C-4AFE-ADFD-F836CB58C60C}
		{6E670997-9DDD-4453-9AFA-F63E21B2F164} = {79C11D70-BC07-4CD1-920E-711B415B5C6B}
		{C3D8FE76-B60D-460C-B9AA-A2B8AACE3045} = {7E643926-50E2-488D-8530-98845291CFEB}
		{3C961B9A-1123-4D37-BAFB-C106D587AFC5} = {79C11D70-BC07-4CD1-920E-711B415B5C6B}
		{CF343959-FDD2-4DFE-9E8F-D2927283CCF1} = {AE527B18-10C9-4AA2-9BC0-C4CC2FFADF6C}
		{77711A2B-B6DE-4C5D-95A5-5C8C148DDFED} = {7FCE59E6-175C-4AFE-ADFD-F836CB58C60C}
	EndGlobalSection
	GlobalSection(ExtensibilityGlobals) = postSolution
		SolutionGuid = {805CB552-7092-4AE7-9834-DD0DE46C2D32}
	EndGlobalSection
EndGlobal
